
Microsoft Visual Studio Solution File, Format Version 12.00
# Visual Studio Version 16
VisualStudioVersion = 16.6.30114.105
MinimumVisualStudioVersion = 10.0.40219.1
Project("{FAE04EC0-301F-11D3-BF4B-00C04F79EFBC}") = "-PizzaBox.Client", "PizzaBox.Client\-PizzaBox.Client.csproj", "{29814880-3D49-4059-A9A7-0ABF325523ED}"
EndProject
Project("{FAE04EC0-301F-11D3-BF4B-00C04F79EFBC}") = "-PizzaBox.Domain", "PizzaBox.Domain\-PizzaBox.Domain.csproj", "{5FD665FB-3826-4E19-BA4C-0C260320CD7B}"
EndProject
Project("{FAE04EC0-301F-11D3-BF4B-00C04F79EFBC}") = "PizzaBox.Storing", "PizzaBox.Storing\PizzaBox.Storing.csproj", "{D4BF651A-85B7-45D6-B53A-9DF59C385330}"
EndProject
Project("{FAE04EC0-301F-11D3-BF4B-00C04F79EFBC}") = "PizzaBox.Testing", "PizzaBox.Testing\PizzaBox.Testing.csproj", "{7BD79310-8FBE-4992-97E4-8600AD753027}"
EndProject
Global
	GlobalSection(SolutionConfigurationPlatforms) = preSolution
		Debug|Any CPU = Debug|Any CPU
		Debug|x64 = Debug|x64
		Debug|x86 = Debug|x86
		Release|Any CPU = Release|Any CPU
		Release|x64 = Release|x64
		Release|x86 = Release|x86
	EndGlobalSection
	GlobalSection(SolutionProperties) = preSolution
		HideSolutionNode = FALSE
	EndGlobalSection
	GlobalSection(ProjectConfigurationPlatforms) = postSolution
		{29814880-3D49-4059-A9A7-0ABF325523ED}.Debug|Any CPU.ActiveCfg = Debug|Any CPU
		{29814880-3D49-4059-A9A7-0ABF325523ED}.Debug|Any CPU.Build.0 = Debug|Any CPU
		{29814880-3D49-4059-A9A7-0ABF325523ED}.Debug|x64.ActiveCfg = Debug|Any CPU
		{29814880-3D49-4059-A9A7-0ABF325523ED}.Debug|x64.Build.0 = Debug|Any CPU
		{29814880-3D49-4059-A9A7-0ABF325523ED}.Debug|x86.ActiveCfg = Debug|Any CPU
		{29814880-3D49-4059-A9A7-0ABF325523ED}.Debug|x86.Build.0 = Debug|Any CPU
		{29814880-3D49-4059-A9A7-0ABF325523ED}.Release|Any CPU.ActiveCfg = Release|Any CPU
		{29814880-3D49-4059-A9A7-0ABF325523ED}.Release|Any CPU.Build.0 = Release|Any CPU
		{29814880-3D49-4059-A9A7-0ABF325523ED}.Release|x64.ActiveCfg = Release|Any CPU
		{29814880-3D49-4059-A9A7-0ABF325523ED}.Release|x64.Build.0 = Release|Any CPU
		{29814880-3D49-4059-A9A7-0ABF325523ED}.Release|x86.ActiveCfg = Release|Any CPU
		{29814880-3D49-4059-A9A7-0ABF325523ED}.Release|x86.Build.0 = Release|Any CPU
		{5FD665FB-3826-4E19-BA4C-0C260320CD7B}.Debug|Any CPU.ActiveCfg = Debug|Any CPU
		{5FD665FB-3826-4E19-BA4C-0C260320CD7B}.Debug|Any CPU.Build.0 = Debug|Any CPU
		{5FD665FB-3826-4E19-BA4C-0C260320CD7B}.Debug|x64.ActiveCfg = Debug|Any CPU
		{5FD665FB-3826-4E19-BA4C-0C260320CD7B}.Debug|x64.Build.0 = Debug|Any CPU
		{5FD665FB-3826-4E19-BA4C-0C260320CD7B}.Debug|x86.ActiveCfg = Debug|Any CPU
		{5FD665FB-3826-4E19-BA4C-0C260320CD7B}.Debug|x86.Build.0 = Debug|Any CPU
		{5FD665FB-3826-4E19-BA4C-0C260320CD7B}.Release|Any CPU.ActiveCfg = Release|Any CPU
		{5FD665FB-3826-4E19-BA4C-0C260320CD7B}.Release|Any CPU.Build.0 = Release|Any CPU
		{5FD665FB-3826-4E19-BA4C-0C260320CD7B}.Release|x64.ActiveCfg = Release|Any CPU
		{5FD665FB-3826-4E19-BA4C-0C260320CD7B}.Release|x64.Build.0 = Release|Any CPU
		{5FD665FB-3826-4E19-BA4C-0C260320CD7B}.Release|x86.ActiveCfg = Release|Any CPU
		{5FD665FB-3826-4E19-BA4C-0C260320CD7B}.Release|x86.Build.0 = Release|Any CPU
		{D4BF651A-85B7-45D6-B53A-9DF59C385330}.Debug|Any CPU.ActiveCfg = Debug|Any CPU
		{D4BF651A-85B7-45D6-B53A-9DF59C385330}.Debug|Any CPU.Build.0 = Debug|Any CPU
		{D4BF651A-85B7-45D6-B53A-9DF59C385330}.Debug|x64.ActiveCfg = Debug|Any CPU
		{D4BF651A-85B7-45D6-B53A-9DF59C385330}.Debug|x64.Build.0 = Debug|Any CPU
		{D4BF651A-85B7-45D6-B53A-9DF59C385330}.Debug|x86.ActiveCfg = Debug|Any CPU
		{D4BF651A-85B7-45D6-B53A-9DF59C385330}.Debug|x86.Build.0 = Debug|Any CPU
		{D4BF651A-85B7-45D6-B53A-9DF59C385330}.Release|Any CPU.ActiveCfg = Release|Any CPU
		{D4BF651A-85B7-45D6-B53A-9DF59C385330}.Release|Any CPU.Build.0 = Release|Any CPU
		{D4BF651A-85B7-45D6-B53A-9DF59C385330}.Release|x64.ActiveCfg = Release|Any CPU
		{D4BF651A-85B7-45D6-B53A-9DF59C385330}.Release|x64.Build.0 = Release|Any CPU
		{D4BF651A-85B7-45D6-B53A-9DF59C385330}.Release|x86.ActiveCfg = Release|Any CPU
		{D4BF651A-85B7-45D6-B53A-9DF59C385330}.Release|x86.Build.0 = Release|Any CPU
		{7BD79310-8FBE-4992-97E4-8600AD753027}.Debug|Any CPU.ActiveCfg = Debug|Any CPU
		{7BD79310-8FBE-4992-97E4-8600AD753027}.Debug|Any CPU.Build.0 = Debug|Any CPU
		{7BD79310-8FBE-4992-97E4-8600AD753027}.Debug|x64.ActiveCfg = Debug|Any CPU
		{7BD79310-8FBE-4992-97E4-8600AD753027}.Debug|x64.Build.0 = Debug|Any CPU
		{7BD79310-8FBE-4992-97E4-8600AD753027}.Debug|x86.ActiveCfg = Debug|Any CPU
		{7BD79310-8FBE-4992-97E4-8600AD753027}.Debug|x86.Build.0 = Debug|Any CPU
		{7BD79310-8FBE-4992-97E4-8600AD753027}.Release|Any CPU.ActiveCfg = Release|Any CPU
		{7BD79310-8FBE-4992-97E4-8600AD753027}.Release|Any CPU.Build.0 = Release|Any CPU
		{7BD79310-8FBE-4992-97E4-8600AD753027}.Release|x64.ActiveCfg = Release|Any CPU
		{7BD79310-8FBE-4992-97E4-8600AD753027}.Release|x64.Build.0 = Release|Any CPU
		{7BD79310-8FBE-4992-97E4-8600AD753027}.Release|x86.ActiveCfg = Release|Any CPU
		{7BD79310-8FBE-4992-97E4-8600AD753027}.Release|x86.Build.0 = Release|Any CPU
	EndGlobalSection
EndGlobal
